{
  "name": "gptzero-api",
  "version": "1.0.0",
  "lockfileVersion": 3,
  "requires": true,
  "packages": {
    "": {
      "name": "gptzero-api",
      "version": "1.0.0",
      "license": "ISC",
      "dependencies": {
        "@cloudflare/workers-types": "^4.20251119.0",
        "hono": "^4.10.6"
      }
    },
    "node_modules/@cloudflare/workers-types": {
      "version": "4.20251119.0",
      "resolved": "https://registry.npmjs.org/@cloudflare/workers-types/-/workers-types-4.20251119.0.tgz",
      "integrity": "sha512-DfCMGhqhvOow3NDViL3T9SgAtogc+xjtAKCfL+aWpVcAcct31P8FSFFRqlZCjcXJ5Kqw/TOjD/87UEAXAqaQZA==",
      "license": "MIT OR Apache-2.0"
    },
    "node_modules/hono": {
      "version": "4.10.6",
      "resolved": "https://registry.npmjs.org/hono/-/hono-4.10.6.tgz",
      "integrity": "sha512-BIdolzGpDO9MQ4nu3AUuDwHZZ+KViNm+EZ75Ae55eMXMqLVhDFqEMXxtUe9Qh8hjL+pIna/frs2j6Y2yD5Ua/g==",
      "license": "MIT",
      "engines": {
        "node": ">=16.9.0"
      }
    }
  }
}
